
Microsoft Visual Studio Solution File, Format Version 12.00
# Visual Studio Version 16
VisualStudioVersion = 16.0.809.5
MinimumVisualStudioVersion = 10.0.40219.1
Project("{FAE04EC0-301F-11D3-BF4B-00C04F79EFBC}") = "OperationDigger", "OperationDigger.csproj", "{E8299EB5-634B-43F9-A66D-9E1F751A30C5}"
EndProject
Global
	GlobalSection(SolutionConfigurationPlatforms) = preSolution
		Debug|Any CPU = Debug|Any CPU
		Release|Any CPU = Release|Any CPU
	EndGlobalSection
	GlobalSection(ProjectConfigurationPlatforms) = postSolution
		{E8299EB5-634B-43F9-A66D-9E1F751A30C5}.Debug|Any CPU.ActiveCfg = Debug|Any CPU
		{E8299EB5-634B-43F9-A66D-9E1F751A30C5}.Debug|Any CPU.Build.0 = Debug|Any CPU
		{E8299EB5-634B-43F9-A66D-9E1F751A30C5}.Release|Any CPU.ActiveCfg = Release|Any CPU
		{E8299EB5-634B-43F9-A66D-9E1F751A30C5}.Release|Any CPU.Build.0 = Release|Any CPU
	EndGlobalSection
	GlobalSection(SolutionProperties) = preSolution
		HideSolutionNode = FALSE
	EndGlobalSection
	GlobalSection(ExtensibilityGlobals) = postSolution
		SolutionGuid = {5A33B5A9-BE61-4FA7-A00A-2181825A6FE1}
	EndGlobalSection
EndGlobal
